// !$*UTF8*$!
{
	archiveVersion = 1;
	classes = {
	};
	objectVersion = 77;
	objects = {

/* Begin PBXBuildFile section */
		0DE8452211B0D6915AB40327 /* MenuBarStatusItemController.swift in Sources */ = {isa = PBXBuildFile; fileRef = E7E6513125BD5121A09BBF02 /* MenuBarStatusItemController.swift */; };
		1CF24B002833A7433A85F591 /* UITestWindowController.swift in Sources */ = {isa = PBXBuildFile; fileRef = A59DA605F00D0082B02565FA /* UITestWindowController.swift */; };
		1D67375F4B7EEC0D0EDE4CD2 /* MenuBarContentView.swift in Sources */ = {isa = PBXBuildFile; fileRef = 1225333A710DE273034B786E /* MenuBarContentView.swift */; };
		2E38DCBA3E5FCE6D2B81D6AC /* LingobarApp.swift in Sources */ = {isa = PBXBuildFile; fileRef = 8130F4E99F8B65ACB796709F /* LingobarApp.swift */; };
		6043A578B13729C89FB7A212 /* SettingsRootView.swift in Sources */ = {isa = PBXBuildFile; fileRef = FEAFDF6783DD9BEF3DF70EEF /* SettingsRootView.swift */; };
		680E19DC0A2E0006F5027BF4 /* Assets.xcassets in Resources */ = {isa = PBXBuildFile; fileRef = 7C33CBB642BF6774D4442D0A /* Assets.xcassets */; };
		8CAEF85C9E92419FBAF5267E /* LingobarMenuIcon.svg in Resources */ = {isa = PBXBuildFile; fileRef = CA4EE2A5C778EAC6340FC206 /* LingobarMenuIcon.svg */; };
		9BB8B6791D1E1B61E6CEE66B /* SettingsWindowController.swift in Sources */ = {isa = PBXBuildFile; fileRef = FA596FA6AB061617C2A8E417 /* SettingsWindowController.swift */; };
		A34F1CB442ADE6C120BF244C /* LingobarUITests.swift in Sources */ = {isa = PBXBuildFile; fileRef = 0A1592675A62B434F0017546 /* LingobarUITests.swift */; };
		C79E268D31EF5894128FB124 /* MenuBarIconLoader.swift in Sources */ = {isa = PBXBuildFile; fileRef = 6F2E480D364E4DB60C01485D /* MenuBarIconLoader.swift */; };
		C807C96A2193218ADFCA60F6 /* LingobarDomain in Frameworks */ = {isa = PBXBuildFile; productRef = 39276D46B3C4BB9EB91B9E2A /* LingobarDomain */; };
		CFD97B2FB43B7AEFE49B36E1 /* LingobarApplication in Frameworks */ = {isa = PBXBuildFile; productRef = 44C5142E0D9C7193C53C43AD /* LingobarApplication */; };
		E97C68FE56EE3BA179516FAC /* LingobarInfrastructure in Frameworks */ = {isa = PBXBuildFile; productRef = 755101056B4A0F948295280C /* LingobarInfrastructure */; };
		F46968917870535D6AB5729C /* LingobarAppModel.swift in Sources */ = {isa = PBXBuildFile; fileRef = 01B8D75C39C2106FEB181224 /* LingobarAppModel.swift */; };
		FB954E1A0217EDDEDB9E87DB /* MenuBarStatusLabelView.swift in Sources */ = {isa = PBXBuildFile; fileRef = 7F9A444E2B7F140EF4DC10AF /* MenuBarStatusLabelView.swift */; };
/* End PBXBuildFile section */

/* Begin PBXContainerItemProxy section */
		87609D978C3F3AF3588DFD7E /* PBXContainerItemProxy */ = {
			isa = PBXContainerItemProxy;
			containerPortal = 21BC16DA58B2EBBBC911D797 /* Project object */;
			proxyType = 1;
			remoteGlobalIDString = AFDA05156F3CA768182F5573;
			remoteInfo = Lingobar;
		};
/* End PBXContainerItemProxy section */

/* Begin PBXFileReference section */
		01B8D75C39C2106FEB181224 /* LingobarAppModel.swift */ = {isa = PBXFileReference; lastKnownFileType = sourcecode.swift; path = LingobarAppModel.swift; sourceTree = "<group>"; };
		0A1592675A62B434F0017546 /* LingobarUITests.swift */ = {isa = PBXFileReference; lastKnownFileType = sourcecode.swift; path = LingobarUITests.swift; sourceTree = "<group>"; };
		1225333A710DE273034B786E /* MenuBarContentView.swift */ = {isa = PBXFileReference; lastKnownFileType = sourcecode.swift; path = MenuBarContentView.swift; sourceTree = "<group>"; };
		483BFCD051AD351E02549C47 /* Lingobar.app */ = {isa = PBXFileReference; explicitFileType = wrapper.application; includeInIndex = 0; path = Lingobar.app; sourceTree = BUILT_PRODUCTS_DIR; };
		6F2E480D364E4DB60C01485D /* MenuBarIconLoader.swift */ = {isa = PBXFileReference; lastKnownFileType = sourcecode.swift; path = MenuBarIconLoader.swift; sourceTree = "<group>"; };
		7C33CBB642BF6774D4442D0A /* Assets.xcassets */ = {isa = PBXFileReference; lastKnownFileType = folder.assetcatalog; path = Assets.xcassets; sourceTree = "<group>"; };
		7F9A444E2B7F140EF4DC10AF /* MenuBarStatusLabelView.swift */ = {isa = PBXFileReference; lastKnownFileType = sourcecode.swift; path = MenuBarStatusLabelView.swift; sourceTree = "<group>"; };
		8130F4E99F8B65ACB796709F /* LingobarApp.swift */ = {isa = PBXFileReference; lastKnownFileType = sourcecode.swift; path = LingobarApp.swift; sourceTree = "<group>"; };
		9897E9F6CCFF29FF089B63C6 /* LingobarKit */ = {isa = PBXFileReference; lastKnownFileType = folder; name = LingobarKit; path = Packages/LingobarKit; sourceTree = SOURCE_ROOT; };
		A4BFBA2F5FC17EF011C3A010 /* LingobarUITests.xctest */ = {isa = PBXFileReference; explicitFileType = wrapper.cfbundle; includeInIndex = 0; path = LingobarUITests.xctest; sourceTree = BUILT_PRODUCTS_DIR; };
		A59DA605F00D0082B02565FA /* UITestWindowController.swift */ = {isa = PBXFileReference; lastKnownFileType = sourcecode.swift; path = UITestWindowController.swift; sourceTree = "<group>"; };
		CA4EE2A5C778EAC6340FC206 /* LingobarMenuIcon.svg */ = {isa = PBXFileReference; path = LingobarMenuIcon.svg; sourceTree = "<group>"; };
		E7E6513125BD5121A09BBF02 /* MenuBarStatusItemController.swift */ = {isa = PBXFileReference; lastKnownFileType = sourcecode.swift; path = MenuBarStatusItemController.swift; sourceTree = "<group>"; };
		FA596FA6AB061617C2A8E417 /* SettingsWindowController.swift */ = {isa = PBXFileReference; lastKnownFileType = sourcecode.swift; path = SettingsWindowController.swift; sourceTree = "<group>"; };
		FEAFDF6783DD9BEF3DF70EEF /* SettingsRootView.swift */ = {isa = PBXFileReference; lastKnownFileType = sourcecode.swift; path = SettingsRootView.swift; sourceTree = "<group>"; };
/* End PBXFileReference section */

/* Begin PBXFrameworksBuildPhase section */
		BF4518225DB533632D056502 /* Frameworks */ = {
			isa = PBXFrameworksBuildPhase;
			buildActionMask = 2147483647;
			files = (
				E97C68FE56EE3BA179516FAC /* LingobarInfrastructure in Frameworks */,
				CFD97B2FB43B7AEFE49B36E1 /* LingobarApplication in Frameworks */,
				C807C96A2193218ADFCA60F6 /* LingobarDomain in Frameworks */,
			);
			runOnlyForDeploymentPostprocessing = 0;
		};
/* End PBXFrameworksBuildPhase section */

/* Begin PBXGroup section */
		1EE46274C174995872388676 /* Products */ = {
			isa = PBXGroup;
			children = (
				483BFCD051AD351E02549C47 /* Lingobar.app */,
				A4BFBA2F5FC17EF011C3A010 /* LingobarUITests.xctest */,
			);
			name = Products;
			sourceTree = "<group>";
		};
		25D57E6F46476F2D0FDBFE75 /* App */ = {
			isa = PBXGroup;
			children = (
				7C33CBB642BF6774D4442D0A /* Assets.xcassets */,
			);
			path = App;
			sourceTree = "<group>";
		};
		4F39C79711E213F848330E6E /* Packages */ = {
			isa = PBXGroup;
			children = (
				9897E9F6CCFF29FF089B63C6 /* LingobarKit */,
			);
			path = Packages;
			sourceTree = "<group>";
		};
		74462C2B00F7F5A8265E4BA6 /* Resources */ = {
			isa = PBXGroup;
			children = (
				CA4EE2A5C778EAC6340FC206 /* LingobarMenuIcon.svg */,
			);
			name = Resources;
			path = App/Resources;
			sourceTree = "<group>";
		};
		7D54E1D17439F85D70093357 = {
			isa = PBXGroup;
			children = (
				25D57E6F46476F2D0FDBFE75 /* App */,
				E8DC5302E42F9C021C84C4E3 /* LingobarUITests */,
				4F39C79711E213F848330E6E /* Packages */,
				74462C2B00F7F5A8265E4BA6 /* Resources */,
				CB13267E64CA9F69842D11A1 /* Sources */,
				1EE46274C174995872388676 /* Products */,
			);
			sourceTree = "<group>";
		};
		CB13267E64CA9F69842D11A1 /* Sources */ = {
			isa = PBXGroup;
			children = (
				8130F4E99F8B65ACB796709F /* LingobarApp.swift */,
				01B8D75C39C2106FEB181224 /* LingobarAppModel.swift */,
				1225333A710DE273034B786E /* MenuBarContentView.swift */,
				6F2E480D364E4DB60C01485D /* MenuBarIconLoader.swift */,
				E7E6513125BD5121A09BBF02 /* MenuBarStatusItemController.swift */,
				7F9A444E2B7F140EF4DC10AF /* MenuBarStatusLabelView.swift */,
				FEAFDF6783DD9BEF3DF70EEF /* SettingsRootView.swift */,
				FA596FA6AB061617C2A8E417 /* SettingsWindowController.swift */,
				A59DA605F00D0082B02565FA /* UITestWindowController.swift */,
			);
			name = Sources;
			path = App/Sources;
			sourceTree = "<group>";
		};
		E8DC5302E42F9C021C84C4E3 /* LingobarUITests */ = {
			isa = PBXGroup;
			children = (
				0A1592675A62B434F0017546 /* LingobarUITests.swift */,
			);
			name = LingobarUITests;
			path = App/Tests/LingobarUITests;
			sourceTree = "<group>";
		};
/* End PBXGroup section */

/* Begin PBXNativeTarget section */
		90D41556A790E30AE2941A18 /* LingobarUITests */ = {
			isa = PBXNativeTarget;
			buildConfigurationList = A9FC4C310AAE0958A9DC01DA /* Build configuration list for PBXNativeTarget "LingobarUITests" */;
			buildPhases = (
				00B764B5C2B380076B5A4EE2 /* Sources */,
			);
			buildRules = (
			);
			dependencies = (
				77C05CAC73761CEB32C7D939 /* PBXTargetDependency */,
			);
			name = LingobarUITests;
			packageProductDependencies = (
			);
			productName = LingobarUITests;
			productReference = A4BFBA2F5FC17EF011C3A010 /* LingobarUITests.xctest */;
			productType = "com.apple.product-type.bundle.ui-testing";
		};
		AFDA05156F3CA768182F5573 /* Lingobar */ = {
			isa = PBXNativeTarget;
			buildConfigurationList = 8D0C4A3C8FCC606C595887B4 /* Build configuration list for PBXNativeTarget "Lingobar" */;
			buildPhases = (
				4F0066544EAC83D45D382896 /* Sources */,
				2D22E8988FC192E40D4A2415 /* Resources */,
				BF4518225DB533632D056502 /* Frameworks */,
			);
			buildRules = (
			);
			dependencies = (
			);
			name = Lingobar;
			packageProductDependencies = (
				755101056B4A0F948295280C /* LingobarInfrastructure */,
				44C5142E0D9C7193C53C43AD /* LingobarApplication */,
				39276D46B3C4BB9EB91B9E2A /* LingobarDomain */,
			);
			productName = Lingobar;
			productReference = 483BFCD051AD351E02549C47 /* Lingobar.app */;
			productType = "com.apple.product-type.application";
		};
/* End PBXNativeTarget section */

/* Begin PBXProject section */
		21BC16DA58B2EBBBC911D797 /* Project object */ = {
			isa = PBXProject;
			attributes = {
				BuildIndependentTargetsInParallel = YES;
				LastUpgradeCheck = 1430;
				TargetAttributes = {
					90D41556A790E30AE2941A18 = {
						TestTargetID = AFDA05156F3CA768182F5573;
					};
					AFDA05156F3CA768182F5573 = {
						ProvisioningStyle = Automatic;
					};
				};
			};
			buildConfigurationList = 458C6B16A2F1432A1C0F8E7A /* Build configuration list for PBXProject "Lingobar" */;
			developmentRegion = en;
			hasScannedForEncodings = 0;
			knownRegions = (
				Base,
				en,
			);
			mainGroup = 7D54E1D17439F85D70093357;
			minimizedProjectReferenceProxies = 1;
			packageReferences = (
				7A827B1A512A55935F0A152C /* XCLocalSwiftPackageReference "Packages/LingobarKit" */,
			);
			preferredProjectObjectVersion = 77;
			productRefGroup = 1EE46274C174995872388676 /* Products */;
			projectDirPath = "";
			projectRoot = "";
			targets = (
				AFDA05156F3CA768182F5573 /* Lingobar */,
				90D41556A790E30AE2941A18 /* LingobarUITests */,
			);
		};
/* End PBXProject section */

/* Begin PBXResourcesBuildPhase section */
		2D22E8988FC192E40D4A2415 /* Resources */ = {
			isa = PBXResourcesBuildPhase;
			buildActionMask = 2147483647;
			files = (
				680E19DC0A2E0006F5027BF4 /* Assets.xcassets in Resources */,
				8CAEF85C9E92419FBAF5267E /* LingobarMenuIcon.svg in Resources */,
			);
			runOnlyForDeploymentPostprocessing = 0;
		};
/* End PBXResourcesBuildPhase section */

/* Begin PBXSourcesBuildPhase section */
		00B764B5C2B380076B5A4EE2 /* Sources */ = {
			isa = PBXSourcesBuildPhase;
			buildActionMask = 2147483647;
			files = (
				A34F1CB442ADE6C120BF244C /* LingobarUITests.swift in Sources */,
			);
			runOnlyForDeploymentPostprocessing = 0;
		};
		4F0066544EAC83D45D382896 /* Sources */ = {
			isa = PBXSourcesBuildPhase;
			buildActionMask = 2147483647;
			files = (
				2E38DCBA3E5FCE6D2B81D6AC /* LingobarApp.swift in Sources */,
				F46968917870535D6AB5729C /* LingobarAppModel.swift in Sources */,
				1D67375F4B7EEC0D0EDE4CD2 /* MenuBarContentView.swift in Sources */,
				C79E268D31EF5894128FB124 /* MenuBarIconLoader.swift in Sources */,
				0DE8452211B0D6915AB40327 /* MenuBarStatusItemController.swift in Sources */,
				FB954E1A0217EDDEDB9E87DB /* MenuBarStatusLabelView.swift in Sources */,
				6043A578B13729C89FB7A212 /* SettingsRootView.swift in Sources */,
				9BB8B6791D1E1B61E6CEE66B /* SettingsWindowController.swift in Sources */,
				1CF24B002833A7433A85F591 /* UITestWindowController.swift in Sources */,
			);
			runOnlyForDeploymentPostprocessing = 0;
		};
/* End PBXSourcesBuildPhase section */

/* Begin PBXTargetDependency section */
		77C05CAC73761CEB32C7D939 /* PBXTargetDependency */ = {
			isa = PBXTargetDependency;
			target = AFDA05156F3CA768182F5573 /* Lingobar */;
			targetProxy = 87609D978C3F3AF3588DFD7E /* PBXContainerItemProxy */;
		};
/* End PBXTargetDependency section */

/* Begin XCBuildConfiguration section */
		0E2BCCE9F9E5331577CBB264 /* Debug */ = {
			isa = XCBuildConfiguration;
			buildSettings = {
				BUNDLE_LOADER = "$(TEST_HOST)";
				COMBINE_HIDPI_IMAGES = YES;
				GENERATE_INFOPLIST_FILE = YES;
				LD_RUNPATH_SEARCH_PATHS = (
					"$(inherited)",
					"@executable_path/Frameworks",
					"@loader_path/Frameworks",
				);
				MACOSX_DEPLOYMENT_TARGET = 15.0;
				PRODUCT_BUNDLE_IDENTIFIER = com.example.LingobarUITests;
				SDKROOT = macosx;
				SWIFT_VERSION = 6.0;
				TEST_TARGET_NAME = Lingobar;
			};
			name = Debug;
		};
		26CFDF17787A3B7ED39A6C46 /* Release */ = {
			isa = XCBuildConfiguration;
			buildSettings = {
				BUNDLE_LOADER = "$(TEST_HOST)";
				COMBINE_HIDPI_IMAGES = YES;
				GENERATE_INFOPLIST_FILE = YES;
				LD_RUNPATH_SEARCH_PATHS = (
					"$(inherited)",
					"@executable_path/Frameworks",
					"@loader_path/Frameworks",
				);
				MACOSX_DEPLOYMENT_TARGET = 15.0;
				PRODUCT_BUNDLE_IDENTIFIER = com.example.LingobarUITests;
				SDKROOT = macosx;
				SWIFT_VERSION = 6.0;
				TEST_TARGET_NAME = Lingobar;
			};
			name = Release;
		};
		50820EEDD21B7A49217F05F7 /* Debug */ = {
			isa = XCBuildConfiguration;
			buildSettings = {
				ALWAYS_SEARCH_USER_PATHS = NO;
				CLANG_ANALYZER_NONNULL = YES;
				CLANG_ANALYZER_NUMBER_OBJECT_CONVERSION = YES_AGGRESSIVE;
				CLANG_CXX_LANGUAGE_STANDARD = "gnu++14";
				CLANG_CXX_LIBRARY = "libc++";
				CLANG_ENABLE_MODULES = YES;
				CLANG_ENABLE_OBJC_ARC = YES;
				CLANG_ENABLE_OBJC_WEAK = YES;
				CLANG_WARN_BLOCK_CAPTURE_AUTORELEASING = YES;
				CLANG_WARN_BOOL_CONVERSION = YES;
				CLANG_WARN_COMMA = YES;
				CLANG_WARN_CONSTANT_CONVERSION = YES;
				CLANG_WARN_DEPRECATED_OBJC_IMPLEMENTATIONS = YES;
				CLANG_WARN_DIRECT_OBJC_ISA_USAGE = YES_ERROR;
				CLANG_WARN_DOCUMENTATION_COMMENTS = YES;
				CLANG_WARN_EMPTY_BODY = YES;
				CLANG_WARN_ENUM_CONVERSION = YES;
				CLANG_WARN_INFINITE_RECURSION = YES;
				CLANG_WARN_INT_CONVERSION = YES;
				CLANG_WARN_NON_LITERAL_NULL_CONVERSION = YES;
				CLANG_WARN_OBJC_IMPLICIT_RETAIN_SELF = YES;
				CLANG_WARN_OBJC_LITERAL_CONVERSION = YES;
				CLANG_WARN_OBJC_ROOT_CLASS = YES_ERROR;
				CLANG_WARN_QUOTED_INCLUDE_IN_FRAMEWORK_HEADER = YES;
				CLANG_WARN_RANGE_LOOP_ANALYSIS = YES;
				CLANG_WARN_STRICT_PROTOTYPES = YES;
				CLANG_WARN_SUSPICIOUS_MOVE = YES;
				CLANG_WARN_UNGUARDED_AVAILABILITY = YES_AGGRESSIVE;
				CLANG_WARN_UNREACHABLE_CODE = YES;
				CLANG_WARN__DUPLICATE_METHOD_MATCH = YES;
				COPY_PHASE_STRIP = NO;
				DEBUG_INFORMATION_FORMAT = dwarf;
				ENABLE_STRICT_OBJC_MSGSEND = YES;
				ENABLE_TESTABILITY = YES;
				GCC_C_LANGUAGE_STANDARD = gnu11;
				GCC_DYNAMIC_NO_PIC = NO;
				GCC_NO_COMMON_BLOCKS = YES;
				GCC_OPTIMIZATION_LEVEL = 0;
				GCC_PREPROCESSOR_DEFINITIONS = (
					"$(inherited)",
					"DEBUG=1",
				);
				GCC_WARN_64_TO_32_BIT_CONVERSION = YES;
				GCC_WARN_ABOUT_RETURN_TYPE = YES_ERROR;
				GCC_WARN_UNDECLARED_SELECTOR = YES;
				GCC_WARN_UNINITIALIZED_AUTOS = YES_AGGRESSIVE;
				GCC_WARN_UNUSED_FUNCTION = YES;
				GCC_WARN_UNUSED_VARIABLE = YES;
				MACOSX_DEPLOYMENT_TARGET = 15.0;
				MTL_ENABLE_DEBUG_INFO = INCLUDE_SOURCE;
				MTL_FAST_MATH = YES;
				ONLY_ACTIVE_ARCH = YES;
				PRODUCT_NAME = "$(TARGET_NAME)";
				SDKROOT = macosx;
				SWIFT_ACTIVE_COMPILATION_CONDITIONS = DEBUG;
				SWIFT_OPTIMIZATION_LEVEL = "-Onone";
				SWIFT_VERSION = 5.0;
			};
			name = Debug;
		};
		CAD2712558207ACC35AA4A3F /* Release */ = {
			isa = XCBuildConfiguration;
			buildSettings = {
				ASSETCATALOG_COMPILER_APPICON_NAME = AppIcon;
				CODE_SIGN_STYLE = Automatic;
				COMBINE_HIDPI_IMAGES = YES;
				GENERATE_INFOPLIST_FILE = YES;
				INFOPLIST_KEY_LSUIElement = YES;
				LD_RUNPATH_SEARCH_PATHS = (
					"$(inherited)",
					"@executable_path/../Frameworks",
				);
				MACOSX_DEPLOYMENT_TARGET = 15.0;
				PRODUCT_BUNDLE_IDENTIFIER = com.example.Lingobar;
				PRODUCT_NAME = Lingobar;
				SDKROOT = macosx;
				SWIFT_VERSION = 6.0;
			};
			name = Release;
		};
		F39BE9BDAFF04D4FEB07D53D /* Debug */ = {
			isa = XCBuildConfiguration;
			buildSettings = {
				ASSETCATALOG_COMPILER_APPICON_NAME = AppIcon;
				CODE_SIGN_STYLE = Automatic;
				COMBINE_HIDPI_IMAGES = YES;
				GENERATE_INFOPLIST_FILE = YES;
				INFOPLIST_KEY_LSUIElement = NO;
				LD_RUNPATH_SEARCH_PATHS = (
					"$(inherited)",
					"@executable_path/../Frameworks",
				);
				MACOSX_DEPLOYMENT_TARGET = 15.0;
				PRODUCT_BUNDLE_IDENTIFIER = com.example.Lingobar;
				PRODUCT_NAME = Lingobar;
				SDKROOT = macosx;
				SWIFT_VERSION = 6.0;
			};
			name = Debug;
		};
		FCDA7460ECA91A1BE9839324 /* Release */ = {
			isa = XCBuildConfiguration;
			buildSettings = {
				ALWAYS_SEARCH_USER_PATHS = NO;
				CLANG_ANALYZER_NONNULL = YES;
				CLANG_ANALYZER_NUMBER_OBJECT_CONVERSION = YES_AGGRESSIVE;
				CLANG_CXX_LANGUAGE_STANDARD = "gnu++14";
				CLANG_CXX_LIBRARY = "libc++";
				CLANG_ENABLE_MODULES = YES;
				CLANG_ENABLE_OBJC_ARC = YES;
				CLANG_ENABLE_OBJC_WEAK = YES;
				CLANG_WARN_BLOCK_CAPTURE_AUTORELEASING = YES;
				CLANG_WARN_BOOL_CONVERSION = YES;
				CLANG_WARN_COMMA = YES;
				CLANG_WARN_CONSTANT_CONVERSION = YES;
				CLANG_WARN_DEPRECATED_OBJC_IMPLEMENTATIONS = YES;
				CLANG_WARN_DIRECT_OBJC_ISA_USAGE = YES_ERROR;
				CLANG_WARN_DOCUMENTATION_COMMENTS = YES;
				CLANG_WARN_EMPTY_BODY = YES;
				CLANG_WARN_ENUM_CONVERSION = YES;
				CLANG_WARN_INFINITE_RECURSION = YES;
				CLANG_WARN_INT_CONVERSION = YES;
				CLANG_WARN_NON_LITERAL_NULL_CONVERSION = YES;
				CLANG_WARN_OBJC_IMPLICIT_RETAIN_SELF = YES;
				CLANG_WARN_OBJC_LITERAL_CONVERSION = YES;
				CLANG_WARN_OBJC_ROOT_CLASS = YES_ERROR;
				CLANG_WARN_QUOTED_INCLUDE_IN_FRAMEWORK_HEADER = YES;
				CLANG_WARN_RANGE_LOOP_ANALYSIS = YES;
				CLANG_WARN_STRICT_PROTOTYPES = YES;
				CLANG_WARN_SUSPICIOUS_MOVE = YES;
				CLANG_WARN_UNGUARDED_AVAILABILITY = YES_AGGRESSIVE;
				CLANG_WARN_UNREACHABLE_CODE = YES;
				CLANG_WARN__DUPLICATE_METHOD_MATCH = YES;
				COPY_PHASE_STRIP = NO;
				DEBUG_INFORMATION_FORMAT = "dwarf-with-dsym";
				ENABLE_NS_ASSERTIONS = NO;
				ENABLE_STRICT_OBJC_MSGSEND = YES;
				GCC_C_LANGUAGE_STANDARD = gnu11;
				GCC_NO_COMMON_BLOCKS = YES;
				GCC_WARN_64_TO_32_BIT_CONVERSION = YES;
				GCC_WARN_ABOUT_RETURN_TYPE = YES_ERROR;
				GCC_WARN_UNDECLARED_SELECTOR = YES;
				GCC_WARN_UNINITIALIZED_AUTOS = YES_AGGRESSIVE;
				GCC_WARN_UNUSED_FUNCTION = YES;
				GCC_WARN_UNUSED_VARIABLE = YES;
				MACOSX_DEPLOYMENT_TARGET = 15.0;
				MTL_ENABLE_DEBUG_INFO = NO;
				MTL_FAST_MATH = YES;
				PRODUCT_NAME = "$(TARGET_NAME)";
				SDKROOT = macosx;
				SWIFT_COMPILATION_MODE = wholemodule;
				SWIFT_OPTIMIZATION_LEVEL = "-O";
				SWIFT_VERSION = 5.0;
			};
			name = Release;
		};
/* End XCBuildConfiguration section */

/* Begin XCConfigurationList section */
		458C6B16A2F1432A1C0F8E7A /* Build configuration list for PBXProject "Lingobar" */ = {
			isa = XCConfigurationList;
			buildConfigurations = (
				50820EEDD21B7A49217F05F7 /* Debug */,
				FCDA7460ECA91A1BE9839324 /* Release */,
			);
			defaultConfigurationIsVisible = 0;
			defaultConfigurationName = Debug;
		};
		8D0C4A3C8FCC606C595887B4 /* Build configuration list for PBXNativeTarget "Lingobar" */ = {
			isa = XCConfigurationList;
			buildConfigurations = (
				F39BE9BDAFF04D4FEB07D53D /* Debug */,
				CAD2712558207ACC35AA4A3F /* Release */,
			);
			defaultConfigurationIsVisible = 0;
			defaultConfigurationName = Debug;
		};
		A9FC4C310AAE0958A9DC01DA /* Build configuration list for PBXNativeTarget "LingobarUITests" */ = {
			isa = XCConfigurationList;
			buildConfigurations = (
				0E2BCCE9F9E5331577CBB264 /* Debug */,
				26CFDF17787A3B7ED39A6C46 /* Release */,
			);
			defaultConfigurationIsVisible = 0;
			defaultConfigurationName = Debug;
		};
/* End XCConfigurationList section */

/* Begin XCLocalSwiftPackageReference section */
		7A827B1A512A55935F0A152C /* XCLocalSwiftPackageReference "Packages/LingobarKit" */ = {
			isa = XCLocalSwiftPackageReference;
			relativePath = Packages/LingobarKit;
		};
/* End XCLocalSwiftPackageReference section */

/* Begin XCSwiftPackageProductDependency section */
		39276D46B3C4BB9EB91B9E2A /* LingobarDomain */ = {
			isa = XCSwiftPackageProductDependency;
			productName = LingobarDomain;
		};
		44C5142E0D9C7193C53C43AD /* LingobarApplication */ = {
			isa = XCSwiftPackageProductDependency;
			productName = LingobarApplication;
		};
		755101056B4A0F948295280C /* LingobarInfrastructure */ = {
			isa = XCSwiftPackageProductDependency;
			productName = LingobarInfrastructure;
		};
/* End XCSwiftPackageProductDependency section */
	};
	rootObject = 21BC16DA58B2EBBBC911D797 /* Project object */;
}
